
Microsoft Visual Studio Solution File, Format Version 12.00
# Visual Studio 2015
Project("{FAE04EC0-301F-11D3-BF4B-00C04F79EFBC}") = "SAE Cube Game.CSharp.Plugins", "SAE Cube Game.CSharp.Plugins.csproj", "{F4CE7E94-9959-9F9D-B696-40452A05A4D7}"
EndProject
Project("{FAE04EC0-301F-11D3-BF4B-00C04F79EFBC}") = "SAE Cube Game.CSharp", "SAE Cube Game.CSharp.csproj", "{EF7253BF-60F4-2CB5-510E-8AC041E0AD7D}"
EndProject
Project("{FAE04EC0-301F-11D3-BF4B-00C04F79EFBC}") = "SAE Cube Game.CSharp.Editor", "SAE Cube Game.CSharp.Editor.csproj", "{6995ECB0-F732-830D-217C-1AA2CF248DB2}"
EndProject
Global
	GlobalSection(SolutionConfigurationPlatforms) = preSolution
		Debug|Any CPU = Debug|Any CPU
		Release|Any CPU = Release|Any CPU
	EndGlobalSection
	GlobalSection(ProjectConfigurationPlatforms) = postSolution
		{F4CE7E94-9959-9F9D-B696-40452A05A4D7}.Debug|Any CPU.ActiveCfg = Debug|Any CPU
		{F4CE7E94-9959-9F9D-B696-40452A05A4D7}.Debug|Any CPU.Build.0 = Debug|Any CPU
		{F4CE7E94-9959-9F9D-B696-40452A05A4D7}.Release|Any CPU.ActiveCfg = Release|Any CPU
		{F4CE7E94-9959-9F9D-B696-40452A05A4D7}.Release|Any CPU.Build.0 = Release|Any CPU
		{EF7253BF-60F4-2CB5-510E-8AC041E0AD7D}.Debug|Any CPU.ActiveCfg = Debug|Any CPU
		{EF7253BF-60F4-2CB5-510E-8AC041E0AD7D}.Debug|Any CPU.Build.0 = Debug|Any CPU
		{EF7253BF-60F4-2CB5-510E-8AC041E0AD7D}.Release|Any CPU.ActiveCfg = Release|Any CPU
		{EF7253BF-60F4-2CB5-510E-8AC041E0AD7D}.Release|Any CPU.Build.0 = Release|Any CPU
		{6995ECB0-F732-830D-217C-1AA2CF248DB2}.Debug|Any CPU.ActiveCfg = Debug|Any CPU
		{6995ECB0-F732-830D-217C-1AA2CF248DB2}.Debug|Any CPU.Build.0 = Debug|Any CPU
		{6995ECB0-F732-830D-217C-1AA2CF248DB2}.Release|Any CPU.ActiveCfg = Release|Any CPU
		{6995ECB0-F732-830D-217C-1AA2CF248DB2}.Release|Any CPU.Build.0 = Release|Any CPU
	EndGlobalSection
	GlobalSection(SolutionProperties) = preSolution
		HideSolutionNode = FALSE
	EndGlobalSection
EndGlobal
